// !$*UTF8*$!
{
	archiveVersion = 1;
	classes = {
	};
	objectVersion = 56;
	objects = {

/* Begin PBXBuildFile section */
		3B526EC42BFFE827002CD71C /* UIImageView + Ext.swift in Sources */ = {isa = PBXBuildFile; fileRef = 3B526EC32BFFE827002CD71C /* UIImageView + Ext.swift */; };
		3B526EC62BFFEDF2002CD71C /* NoResultView.swift in Sources */ = {isa = PBXBuildFile; fileRef = 3B526EC52BFFEDF2002CD71C /* NoResultView.swift */; };
		3B6C5F2C2BFC23A800F908CE /* UIView + Extension.swift in Sources */ = {isa = PBXBuildFile; fileRef = 3B6C5F2B2BFC23A800F908CE /* UIView + Extension.swift */; };
		3BD575522BFA4AB8008C09D1 /* Alamofire in Frameworks */ = {isa = PBXBuildFile; productRef = 3BD575512BFA4AB8008C09D1 /* Alamofire */; };
		3BD575542BFA4C18008C09D1 /* GameDetail.swift in Sources */ = {isa = PBXBuildFile; fileRef = 3BD575532BFA4C18008C09D1 /* GameDetail.swift */; };
		3BD575562BFA5092008C09D1 /* WebService.swift in Sources */ = {isa = PBXBuildFile; fileRef = 3BD575552BFA5092008C09D1 /* WebService.swift */; };
		3BD575592BFA653F008C09D1 /* GamesCell.swift in Sources */ = {isa = PBXBuildFile; fileRef = 3BD575582BFA653F008C09D1 /* GamesCell.swift */; };
		3BD5755B2BFA72AC008C09D1 /* Game.swift in Sources */ = {isa = PBXBuildFile; fileRef = 3BD5755A2BFA72AC008C09D1 /* Game.swift */; };
		3BD575622BFA783E008C09D1 /* GameDetailViewController.swift in Sources */ = {isa = PBXBuildFile; fileRef = 3BD575612BFA783E008C09D1 /* GameDetailViewController.swift */; };
		3BD575642BFA7855008C09D1 /* GameDetailViewModel.swift in Sources */ = {isa = PBXBuildFile; fileRef = 3BD575632BFA7855008C09D1 /* GameDetailViewModel.swift */; };
		3BD575662BFA7863008C09D1 /* FavoritesViewModel.swift in Sources */ = {isa = PBXBuildFile; fileRef = 3BD575652BFA7863008C09D1 /* FavoritesViewModel.swift */; };
		3BD575682BFA7873008C09D1 /* HomeViewModel.swift in Sources */ = {isa = PBXBuildFile; fileRef = 3BD575672BFA7873008C09D1 /* HomeViewModel.swift */; };
		3BDBF5B72BF8308B00C2BC03 /* AppDelegate.swift in Sources */ = {isa = PBXBuildFile; fileRef = 3BDBF5B62BF8308B00C2BC03 /* AppDelegate.swift */; };
		3BDBF5B92BF8308B00C2BC03 /* SceneDelegate.swift in Sources */ = {isa = PBXBuildFile; fileRef = 3BDBF5B82BF8308B00C2BC03 /* SceneDelegate.swift */; };
		3BDBF5BB2BF8308B00C2BC03 /* ViewController.swift in Sources */ = {isa = PBXBuildFile; fileRef = 3BDBF5BA2BF8308B00C2BC03 /* ViewController.swift */; };
		3BDBF5C12BF8308B00C2BC03 /* Gamify.xcdatamodeld in Sources */ = {isa = PBXBuildFile; fileRef = 3BDBF5BF2BF8308B00C2BC03 /* Gamify.xcdatamodeld */; };
		3BDBF5C32BF8308C00C2BC03 /* Assets.xcassets in Resources */ = {isa = PBXBuildFile; fileRef = 3BDBF5C22BF8308C00C2BC03 /* Assets.xcassets */; };
		3BDBF5C62BF8308C00C2BC03 /* LaunchScreen.storyboard in Resources */ = {isa = PBXBuildFile; fileRef = 3BDBF5C42BF8308C00C2BC03 /* LaunchScreen.storyboard */; };
		3BDBF5D22BF8335500C2BC03 /* MainTabbarController.swift in Sources */ = {isa = PBXBuildFile; fileRef = 3BDBF5D12BF8335500C2BC03 /* MainTabbarController.swift */; };
		3BDBF5D42BF8339600C2BC03 /* HomeViewController.swift in Sources */ = {isa = PBXBuildFile; fileRef = 3BDBF5D32BF8339600C2BC03 /* HomeViewController.swift */; };
		3BDBF5D62BF834CA00C2BC03 /* FavoritesViewController.swift in Sources */ = {isa = PBXBuildFile; fileRef = 3BDBF5D52BF834CA00C2BC03 /* FavoritesViewController.swift */; };
/* End PBXBuildFile section */

/* Begin PBXFileReference section */
		3B526EC32BFFE827002CD71C /* UIImageView + Ext.swift */ = {isa = PBXFileReference; lastKnownFileType = sourcecode.swift; path = "UIImageView + Ext.swift"; sourceTree = "<group>"; };
		3B526EC52BFFEDF2002CD71C /* NoResultView.swift */ = {isa = PBXFileReference; lastKnownFileType = sourcecode.swift; path = NoResultView.swift; sourceTree = "<group>"; };
		3B6C5F2B2BFC23A800F908CE /* UIView + Extension.swift */ = {isa = PBXFileReference; lastKnownFileType = sourcecode.swift; path = "UIView + Extension.swift"; sourceTree = "<group>"; };
		3BD575532BFA4C18008C09D1 /* GameDetail.swift */ = {isa = PBXFileReference; lastKnownFileType = sourcecode.swift; path = GameDetail.swift; sourceTree = "<group>"; };
		3BD575552BFA5092008C09D1 /* WebService.swift */ = {isa = PBXFileReference; lastKnownFileType = sourcecode.swift; path = WebService.swift; sourceTree = "<group>"; };
		3BD575582BFA653F008C09D1 /* GamesCell.swift */ = {isa = PBXFileReference; lastKnownFileType = sourcecode.swift; path = GamesCell.swift; sourceTree = "<group>"; };
		3BD5755A2BFA72AC008C09D1 /* Game.swift */ = {isa = PBXFileReference; lastKnownFileType = sourcecode.swift; path = Game.swift; sourceTree = "<group>"; };
		3BD575612BFA783E008C09D1 /* GameDetailViewController.swift */ = {isa = PBXFileReference; lastKnownFileType = sourcecode.swift; path = GameDetailViewController.swift; sourceTree = "<group>"; };
		3BD575632BFA7855008C09D1 /* GameDetailViewModel.swift */ = {isa = PBXFileReference; lastKnownFileType = sourcecode.swift; path = GameDetailViewModel.swift; sourceTree = "<group>"; };
		3BD575652BFA7863008C09D1 /* FavoritesViewModel.swift */ = {isa = PBXFileReference; lastKnownFileType = sourcecode.swift; path = FavoritesViewModel.swift; sourceTree = "<group>"; };
		3BD575672BFA7873008C09D1 /* HomeViewModel.swift */ = {isa = PBXFileReference; lastKnownFileType = sourcecode.swift; path = HomeViewModel.swift; sourceTree = "<group>"; };
		3BDBF5B32BF8308B00C2BC03 /* Gamify.app */ = {isa = PBXFileReference; explicitFileType = wrapper.application; includeInIndex = 0; path = Gamify.app; sourceTree = BUILT_PRODUCTS_DIR; };
		3BDBF5B62BF8308B00C2BC03 /* AppDelegate.swift */ = {isa = PBXFileReference; lastKnownFileType = sourcecode.swift; path = AppDelegate.swift; sourceTree = "<group>"; };
		3BDBF5B82BF8308B00C2BC03 /* SceneDelegate.swift */ = {isa = PBXFileReference; lastKnownFileType = sourcecode.swift; path = SceneDelegate.swift; sourceTree = "<group>"; };
		3BDBF5BA2BF8308B00C2BC03 /* ViewController.swift */ = {isa = PBXFileReference; lastKnownFileType = sourcecode.swift; path = ViewController.swift; sourceTree = "<group>"; };
		3BDBF5C02BF8308B00C2BC03 /* Gamify.xcdatamodel */ = {isa = PBXFileReference; lastKnownFileType = wrapper.xcdatamodel; path = Gamify.xcdatamodel; sourceTree = "<group>"; };
		3BDBF5C22BF8308C00C2BC03 /* Assets.xcassets */ = {isa = PBXFileReference; lastKnownFileType = folder.assetcatalog; path = Assets.xcassets; sourceTree = "<group>"; };
		3BDBF5C52BF8308C00C2BC03 /* Base */ = {isa = PBXFileReference; lastKnownFileType = file.storyboard; name = Base; path = Base.lproj/LaunchScreen.storyboard; sourceTree = "<group>"; };
		3BDBF5C72BF8308C00C2BC03 /* Info.plist */ = {isa = PBXFileReference; lastKnownFileType = text.plist.xml; path = Info.plist; sourceTree = "<group>"; };
		3BDBF5D12BF8335500C2BC03 /* MainTabbarController.swift */ = {isa = PBXFileReference; lastKnownFileType = sourcecode.swift; path = MainTabbarController.swift; sourceTree = "<group>"; };
		3BDBF5D32BF8339600C2BC03 /* HomeViewController.swift */ = {isa = PBXFileReference; lastKnownFileType = sourcecode.swift; path = HomeViewController.swift; sourceTree = "<group>"; };
		3BDBF5D52BF834CA00C2BC03 /* FavoritesViewController.swift */ = {isa = PBXFileReference; lastKnownFileType = sourcecode.swift; path = FavoritesViewController.swift; sourceTree = "<group>"; };
/* End PBXFileReference section */

/* Begin PBXFrameworksBuildPhase section */
		3BDBF5B02BF8308B00C2BC03 /* Frameworks */ = {
			isa = PBXFrameworksBuildPhase;
			buildActionMask = 2147483647;
			files = (
				3BD575522BFA4AB8008C09D1 /* Alamofire in Frameworks */,
			);
			runOnlyForDeploymentPostprocessing = 0;
		};
/* End PBXFrameworksBuildPhase section */

/* Begin PBXGroup section */
		3B6C5F2A2BFC239200F908CE /* Extensions */ = {
			isa = PBXGroup;
			children = (
				3B6C5F2B2BFC23A800F908CE /* UIView + Extension.swift */,
				3B526EC32BFFE827002CD71C /* UIImageView + Ext.swift */,
			);
			path = Extensions;
			sourceTree = "<group>";
		};
		3BD5754F2BFA4A9E008C09D1 /* Services */ = {
			isa = PBXGroup;
			children = (
				3BD575552BFA5092008C09D1 /* WebService.swift */,
			);
			path = Services;
			sourceTree = "<group>";
		};
		3BD575572BFA6505008C09D1 /* Cells */ = {
			isa = PBXGroup;
			children = (
				3BD575582BFA653F008C09D1 /* GamesCell.swift */,
			);
			path = Cells;
			sourceTree = "<group>";
		};
		3BD5755C2BFA77BA008C09D1 /* Modules */ = {
			isa = PBXGroup;
			children = (
				3BD575602BFA781B008C09D1 /* GameDetail */,
				3BD5755F2BFA77F7008C09D1 /* Favorites */,
				3BD5755E2BFA77E6008C09D1 /* Home */,
				3BD5755D2BFA77C7008C09D1 /* Tabbar */,
			);
			path = Modules;
			sourceTree = "<group>";
		};
		3BD5755D2BFA77C7008C09D1 /* Tabbar */ = {
			isa = PBXGroup;
			children = (
				3BDBF5D12BF8335500C2BC03 /* MainTabbarController.swift */,
			);
			path = Tabbar;
			sourceTree = "<group>";
		};
		3BD5755E2BFA77E6008C09D1 /* Home */ = {
			isa = PBXGroup;
			children = (
				3BDBF5D32BF8339600C2BC03 /* HomeViewController.swift */,
				3BD575672BFA7873008C09D1 /* HomeViewModel.swift */,
			);
			path = Home;
			sourceTree = "<group>";
		};
		3BD5755F2BFA77F7008C09D1 /* Favorites */ = {
			isa = PBXGroup;
			children = (
				3BDBF5D52BF834CA00C2BC03 /* FavoritesViewController.swift */,
				3BD575652BFA7863008C09D1 /* FavoritesViewModel.swift */,
			);
			path = Favorites;
			sourceTree = "<group>";
		};
		3BD575602BFA781B008C09D1 /* GameDetail */ = {
			isa = PBXGroup;
			children = (
				3BD575612BFA783E008C09D1 /* GameDetailViewController.swift */,
				3BD575632BFA7855008C09D1 /* GameDetailViewModel.swift */,
			);
			path = GameDetail;
			sourceTree = "<group>";
		};
		3BDBF5AA2BF8308B00C2BC03 = {
			isa = PBXGroup;
			children = (
				3BDBF5B52BF8308B00C2BC03 /* Gamify */,
				3BDBF5B42BF8308B00C2BC03 /* Products */,
			);
			sourceTree = "<group>";
		};
		3BDBF5B42BF8308B00C2BC03 /* Products */ = {
			isa = PBXGroup;
			children = (
				3BDBF5B32BF8308B00C2BC03 /* Gamify.app */,
			);
			name = Products;
			sourceTree = "<group>";
		};
		3BDBF5B52BF8308B00C2BC03 /* Gamify */ = {
			isa = PBXGroup;
			children = (
				3B6C5F2A2BFC239200F908CE /* Extensions */,
				3BD5755C2BFA77BA008C09D1 /* Modules */,
				3BD5754F2BFA4A9E008C09D1 /* Services */,
				3BDBF5D82BF83A5000C2BC03 /* Resources */,
				3BDBF5D72BF835DA00C2BC03 /* App */,
				3BDBF5CF2BF8331500C2BC03 /* Views */,
				3BDBF5CD2BF832C400C2BC03 /* Model */,
				3BDBF5BA2BF8308B00C2BC03 /* ViewController.swift */,
				3BDBF5C42BF8308C00C2BC03 /* LaunchScreen.storyboard */,
			);
			path = Gamify;
			sourceTree = "<group>";
		};
		3BDBF5CD2BF832C400C2BC03 /* Model */ = {
			isa = PBXGroup;
			children = (
				3BD575532BFA4C18008C09D1 /* GameDetail.swift */,
				3BD5755A2BFA72AC008C09D1 /* Game.swift */,
			);
			path = Model;
			sourceTree = "<group>";
		};
		3BDBF5CF2BF8331500C2BC03 /* Views */ = {
			isa = PBXGroup;
			children = (
				3BD575572BFA6505008C09D1 /* Cells */,
				3B526EC52BFFEDF2002CD71C /* NoResultView.swift */,
			);
			path = Views;
			sourceTree = "<group>";
		};
		3BDBF5D72BF835DA00C2BC03 /* App */ = {
			isa = PBXGroup;
			children = (
				3BDBF5B62BF8308B00C2BC03 /* AppDelegate.swift */,
				3BDBF5B82BF8308B00C2BC03 /* SceneDelegate.swift */,
			);
			path = App;
			sourceTree = "<group>";
		};
		3BDBF5D82BF83A5000C2BC03 /* Resources */ = {
			isa = PBXGroup;
			children = (
				3BDBF5C72BF8308C00C2BC03 /* Info.plist */,
				3BDBF5C22BF8308C00C2BC03 /* Assets.xcassets */,
				3BDBF5BF2BF8308B00C2BC03 /* Gamify.xcdatamodeld */,
			);
			path = Resources;
			sourceTree = "<group>";
		};
/* End PBXGroup section */

/* Begin PBXNativeTarget section */
		3BDBF5B22BF8308B00C2BC03 /* Gamify */ = {
			isa = PBXNativeTarget;
			buildConfigurationList = 3BDBF5CA2BF8308C00C2BC03 /* Build configuration list for PBXNativeTarget "Gamify" */;
			buildPhases = (
				3BDBF5AF2BF8308B00C2BC03 /* Sources */,
				3BDBF5B02BF8308B00C2BC03 /* Frameworks */,
				3BDBF5B12BF8308B00C2BC03 /* Resources */,
			);
			buildRules = (
			);
			dependencies = (
			);
			name = Gamify;
			packageProductDependencies = (
				3BD575512BFA4AB8008C09D1 /* Alamofire */,
			);
			productName = Gamify;
			productReference = 3BDBF5B32BF8308B00C2BC03 /* Gamify.app */;
			productType = "com.apple.product-type.application";
		};
/* End PBXNativeTarget section */

/* Begin PBXProject section */
		3BDBF5AB2BF8308B00C2BC03 /* Project object */ = {
			isa = PBXProject;
			attributes = {
				BuildIndependentTargetsInParallel = 1;
				LastSwiftUpdateCheck = 1520;
				LastUpgradeCheck = 1520;
				TargetAttributes = {
					3BDBF5B22BF8308B00C2BC03 = {
						CreatedOnToolsVersion = 15.2;
					};
				};
			};
			buildConfigurationList = 3BDBF5AE2BF8308B00C2BC03 /* Build configuration list for PBXProject "Gamify" */;
			compatibilityVersion = "Xcode 14.0";
			developmentRegion = en;
			hasScannedForEncodings = 0;
			knownRegions = (
				en,
				Base,
			);
			mainGroup = 3BDBF5AA2BF8308B00C2BC03;
			packageReferences = (
				3BD575502BFA4AB8008C09D1 /* XCRemoteSwiftPackageReference "Alamofire" */,
			);
			productRefGroup = 3BDBF5B42BF8308B00C2BC03 /* Products */;
			projectDirPath = "";
			projectRoot = "";
			targets = (
				3BDBF5B22BF8308B00C2BC03 /* Gamify */,
			);
		};
/* End PBXProject section */

/* Begin PBXResourcesBuildPhase section */
		3BDBF5B12BF8308B00C2BC03 /* Resources */ = {
			isa = PBXResourcesBuildPhase;
			buildActionMask = 2147483647;
			files = (
				3BDBF5C62BF8308C00C2BC03 /* LaunchScreen.storyboard in Resources */,
				3BDBF5C32BF8308C00C2BC03 /* Assets.xcassets in Resources */,
			);
			runOnlyForDeploymentPostprocessing = 0;
		};
/* End PBXResourcesBuildPhase section */

/* Begin PBXSourcesBuildPhase section */
		3BDBF5AF2BF8308B00C2BC03 /* Sources */ = {
			isa = PBXSourcesBuildPhase;
			buildActionMask = 2147483647;
			files = (
				3BD575562BFA5092008C09D1 /* WebService.swift in Sources */,
				3BD575622BFA783E008C09D1 /* GameDetailViewController.swift in Sources */,
				3BDBF5C12BF8308B00C2BC03 /* Gamify.xcdatamodeld in Sources */,
				3BDBF5BB2BF8308B00C2BC03 /* ViewController.swift in Sources */,
				3B526EC62BFFEDF2002CD71C /* NoResultView.swift in Sources */,
				3B6C5F2C2BFC23A800F908CE /* UIView + Extension.swift in Sources */,
				3BDBF5D62BF834CA00C2BC03 /* FavoritesViewController.swift in Sources */,
				3BDBF5D22BF8335500C2BC03 /* MainTabbarController.swift in Sources */,
				3B526EC42BFFE827002CD71C /* UIImageView + Ext.swift in Sources */,
				3BD575592BFA653F008C09D1 /* GamesCell.swift in Sources */,
				3BD5755B2BFA72AC008C09D1 /* Game.swift in Sources */,
				3BD575662BFA7863008C09D1 /* FavoritesViewModel.swift in Sources */,
				3BDBF5B72BF8308B00C2BC03 /* AppDelegate.swift in Sources */,
				3BD575642BFA7855008C09D1 /* GameDetailViewModel.swift in Sources */,
				3BD575542BFA4C18008C09D1 /* GameDetail.swift in Sources */,
				3BDBF5B92BF8308B00C2BC03 /* SceneDelegate.swift in Sources */,
				3BD575682BFA7873008C09D1 /* HomeViewModel.swift in Sources */,
				3BDBF5D42BF8339600C2BC03 /* HomeViewController.swift in Sources */,
			);
			runOnlyForDeploymentPostprocessing = 0;
		};
/* End PBXSourcesBuildPhase section */

/* Begin PBXVariantGroup section */
		3BDBF5C42BF8308C00C2BC03 /* LaunchScreen.storyboard */ = {
			isa = PBXVariantGroup;
			children = (
				3BDBF5C52BF8308C00C2BC03 /* Base */,
			);
			name = LaunchScreen.storyboard;
			sourceTree = "<group>";
		};
/* End PBXVariantGroup section */

/* Begin XCBuildConfiguration section */
		3BDBF5C82BF8308C00C2BC03 /* Debug */ = {
			isa = XCBuildConfiguration;
			buildSettings = {
				ALWAYS_SEARCH_USER_PATHS = NO;
				ASSETCATALOG_COMPILER_GENERATE_SWIFT_ASSET_SYMBOL_EXTENSIONS = YES;
				CLANG_ANALYZER_NONNULL = YES;
				CLANG_ANALYZER_NUMBER_OBJECT_CONVERSION = YES_AGGRESSIVE;
				CLANG_CXX_LANGUAGE_STANDARD = "gnu++20";
				CLANG_ENABLE_MODULES = YES;
				CLANG_ENABLE_OBJC_ARC = YES;
				CLANG_ENABLE_OBJC_WEAK = YES;
				CLANG_WARN_BLOCK_CAPTURE_AUTORELEASING = YES;
				CLANG_WARN_BOOL_CONVERSION = YES;
				CLANG_WARN_COMMA = YES;
				CLANG_WARN_CONSTANT_CONVERSION = YES;
				CLANG_WARN_DEPRECATED_OBJC_IMPLEMENTATIONS = YES;
				CLANG_WARN_DIRECT_OBJC_ISA_USAGE = YES_ERROR;
				CLANG_WARN_DOCUMENTATION_COMMENTS = YES;
				CLANG_WARN_EMPTY_BODY = YES;
				CLANG_WARN_ENUM_CONVERSION = YES;
				CLANG_WARN_INFINITE_RECURSION = YES;
				CLANG_WARN_INT_CONVERSION = YES;
				CLANG_WARN_NON_LITERAL_NULL_CONVERSION = YES;
				CLANG_WARN_OBJC_IMPLICIT_RETAIN_SELF = YES;
				CLANG_WARN_OBJC_LITERAL_CONVERSION = YES;
				CLANG_WARN_OBJC_ROOT_CLASS = YES_ERROR;
				CLANG_WARN_QUOTED_INCLUDE_IN_FRAMEWORK_HEADER = YES;
				CLANG_WARN_RANGE_LOOP_ANALYSIS = YES;
				CLANG_WARN_STRICT_PROTOTYPES = YES;
				CLANG_WARN_SUSPICIOUS_MOVE = YES;
				CLANG_WARN_UNGUARDED_AVAILABILITY = YES_AGGRESSIVE;
				CLANG_WARN_UNREACHABLE_CODE = YES;
				CLANG_WARN__DUPLICATE_METHOD_MATCH = YES;
				COPY_PHASE_STRIP = NO;
				DEBUG_INFORMATION_FORMAT = dwarf;
				ENABLE_STRICT_OBJC_MSGSEND = YES;
				ENABLE_TESTABILITY = YES;
				ENABLE_USER_SCRIPT_SANDBOXING = YES;
				GCC_C_LANGUAGE_STANDARD = gnu17;
				GCC_DYNAMIC_NO_PIC = NO;
				GCC_NO_COMMON_BLOCKS = YES;
				GCC_OPTIMIZATION_LEVEL = 0;
				GCC_PREPROCESSOR_DEFINITIONS = (
					"DEBUG=1",
					"$(inherited)",
				);
				GCC_WARN_64_TO_32_BIT_CONVERSION = YES;
				GCC_WARN_ABOUT_RETURN_TYPE = YES_ERROR;
				GCC_WARN_UNDECLARED_SELECTOR = YES;
				GCC_WARN_UNINITIALIZED_AUTOS = YES_AGGRESSIVE;
				GCC_WARN_UNUSED_FUNCTION = YES;
				GCC_WARN_UNUSED_VARIABLE = YES;
				IPHONEOS_DEPLOYMENT_TARGET = 17.2;
				LOCALIZATION_PREFERS_STRING_CATALOGS = YES;
				MTL_ENABLE_DEBUG_INFO = INCLUDE_SOURCE;
				MTL_FAST_MATH = YES;
				ONLY_ACTIVE_ARCH = YES;
				SDKROOT = iphoneos;
				SWIFT_ACTIVE_COMPILATION_CONDITIONS = "DEBUG $(inherited)";
				SWIFT_OPTIMIZATION_LEVEL = "-Onone";
			};
			name = Debug;
		};
		3BDBF5C92BF8308C00C2BC03 /* Release */ = {
			isa = XCBuildConfiguration;
			buildSettings = {
				ALWAYS_SEARCH_USER_PATHS = NO;
				ASSETCATALOG_COMPILER_GENERATE_SWIFT_ASSET_SYMBOL_EXTENSIONS = YES;
				CLANG_ANALYZER_NONNULL = YES;
				CLANG_ANALYZER_NUMBER_OBJECT_CONVERSION = YES_AGGRESSIVE;
				CLANG_CXX_LANGUAGE_STANDARD = "gnu++20";
				CLANG_ENABLE_MODULES = YES;
				CLANG_ENABLE_OBJC_ARC = YES;
				CLANG_ENABLE_OBJC_WEAK = YES;
				CLANG_WARN_BLOCK_CAPTURE_AUTORELEASING = YES;
				CLANG_WARN_BOOL_CONVERSION = YES;
				CLANG_WARN_COMMA = YES;
				CLANG_WARN_CONSTANT_CONVERSION = YES;
				CLANG_WARN_DEPRECATED_OBJC_IMPLEMENTATIONS = YES;
				CLANG_WARN_DIRECT_OBJC_ISA_USAGE = YES_ERROR;
				CLANG_WARN_DOCUMENTATION_COMMENTS = YES;
				CLANG_WARN_EMPTY_BODY = YES;
				CLANG_WARN_ENUM_CONVERSION = YES;
				CLANG_WARN_INFINITE_RECURSION = YES;
				CLANG_WARN_INT_CONVERSION = YES;
				CLANG_WARN_NON_LITERAL_NULL_CONVERSION = YES;
				CLANG_WARN_OBJC_IMPLICIT_RETAIN_SELF = YES;
				CLANG_WARN_OBJC_LITERAL_CONVERSION = YES;
				CLANG_WARN_OBJC_ROOT_CLASS = YES_ERROR;
				CLANG_WARN_QUOTED_INCLUDE_IN_FRAMEWORK_HEADER = YES;
				CLANG_WARN_RANGE_LOOP_ANALYSIS = YES;
				CLANG_WARN_STRICT_PROTOTYPES = YES;
				CLANG_WARN_SUSPICIOUS_MOVE = YES;
				CLANG_WARN_UNGUARDED_AVAILABILITY = YES_AGGRESSIVE;
				CLANG_WARN_UNREACHABLE_CODE = YES;
				CLANG_WARN__DUPLICATE_METHOD_MATCH = YES;
				COPY_PHASE_STRIP = NO;
				DEBUG_INFORMATION_FORMAT = "dwarf-with-dsym";
				ENABLE_NS_ASSERTIONS = NO;
				ENABLE_STRICT_OBJC_MSGSEND = YES;
				ENABLE_USER_SCRIPT_SANDBOXING = YES;
				GCC_C_LANGUAGE_STANDARD = gnu17;
				GCC_NO_COMMON_BLOCKS = YES;
				GCC_WARN_64_TO_32_BIT_CONVERSION = YES;
				GCC_WARN_ABOUT_RETURN_TYPE = YES_ERROR;
				GCC_WARN_UNDECLARED_SELECTOR = YES;
				GCC_WARN_UNINITIALIZED_AUTOS = YES_AGGRESSIVE;
				GCC_WARN_UNUSED_FUNCTION = YES;
				GCC_WARN_UNUSED_VARIABLE = YES;
				IPHONEOS_DEPLOYMENT_TARGET = 17.2;
				LOCALIZATION_PREFERS_STRING_CATALOGS = YES;
				MTL_ENABLE_DEBUG_INFO = NO;
				MTL_FAST_MATH = YES;
				SDKROOT = iphoneos;
				SWIFT_COMPILATION_MODE = wholemodule;
				VALIDATE_PRODUCT = YES;
			};
			name = Release;
		};
		3BDBF5CB2BF8308C00C2BC03 /* Debug */ = {
			isa = XCBuildConfiguration;
			buildSettings = {
				ASSETCATALOG_COMPILER_APPICON_NAME = AppIcon;
				ASSETCATALOG_COMPILER_GLOBAL_ACCENT_COLOR_NAME = AccentColor;
				CODE_SIGN_STYLE = Automatic;
				CURRENT_PROJECT_VERSION = 1;
				DEVELOPMENT_TEAM = 93926563G8;
				GENERATE_INFOPLIST_FILE = YES;
				INFOPLIST_FILE = Gamify/Resources/Info.plist;
				INFOPLIST_KEY_UIApplicationSupportsIndirectInputEvents = YES;
				INFOPLIST_KEY_UILaunchStoryboardName = LaunchScreen;
				INFOPLIST_KEY_UISupportedInterfaceOrientations_iPad = "UIInterfaceOrientationPortrait UIInterfaceOrientationPortraitUpsideDown UIInterfaceOrientationLandscapeLeft UIInterfaceOrientationLandscapeRight";
				INFOPLIST_KEY_UISupportedInterfaceOrientations_iPhone = "UIInterfaceOrientationPortrait UIInterfaceOrientationLandscapeLeft UIInterfaceOrientationLandscapeRight";
				LD_RUNPATH_SEARCH_PATHS = (
					"$(inherited)",
					"@executable_path/Frameworks",
				);
				MARKETING_VERSION = 1.0;
				PRODUCT_BUNDLE_IDENTIFIER = com.exampla.Gamify;
				PRODUCT_NAME = "$(TARGET_NAME)";
				SWIFT_EMIT_LOC_STRINGS = YES;
				SWIFT_VERSION = 5.0;
				TARGETED_DEVICE_FAMILY = "1,2";
			};
			name = Debug;
		};
		3BDBF5CC2BF8308C00C2BC03 /* Release */ = {
			isa = XCBuildConfiguration;
			buildSettings = {
				ASSETCATALOG_COMPILER_APPICON_NAME = AppIcon;
				ASSETCATALOG_COMPILER_GLOBAL_ACCENT_COLOR_NAME = AccentColor;
				CODE_SIGN_STYLE = Automatic;
				CURRENT_PROJECT_VERSION = 1;
				DEVELOPMENT_TEAM = 93926563G8;
				GENERATE_INFOPLIST_FILE = YES;
				INFOPLIST_FILE = Gamify/Resources/Info.plist;
				INFOPLIST_KEY_UIApplicationSupportsIndirectInputEvents = YES;
				INFOPLIST_KEY_UILaunchStoryboardName = LaunchScreen;
				INFOPLIST_KEY_UISupportedInterfaceOrientations_iPad = "UIInterfaceOrientationPortrait UIInterfaceOrientationPortraitUpsideDown UIInterfaceOrientationLandscapeLeft UIInterfaceOrientationLandscapeRight";
				INFOPLIST_KEY_UISupportedInterfaceOrientations_iPhone = "UIInterfaceOrientationPortrait UIInterfaceOrientationLandscapeLeft UIInterfaceOrientationLandscapeRight";
				LD_RUNPATH_SEARCH_PATHS = (
					"$(inherited)",
					"@executable_path/Frameworks",
				);
				MARKETING_VERSION = 1.0;
				PRODUCT_BUNDLE_IDENTIFIER = com.exampla.Gamify;
				PRODUCT_NAME = "$(TARGET_NAME)";
				SWIFT_EMIT_LOC_STRINGS = YES;
				SWIFT_VERSION = 5.0;
				TARGETED_DEVICE_FAMILY = "1,2";
			};
			name = Release;
		};
/* End XCBuildConfiguration section */

/* Begin XCConfigurationList section */
		3BDBF5AE2BF8308B00C2BC03 /* Build configuration list for PBXProject "Gamify" */ = {
			isa = XCConfigurationList;
			buildConfigurations = (
				3BDBF5C82BF8308C00C2BC03 /* Debug */,
				3BDBF5C92BF8308C00C2BC03 /* Release */,
			);
			defaultConfigurationIsVisible = 0;
			defaultConfigurationName = Release;
		};
		3BDBF5CA2BF8308C00C2BC03 /* Build configuration list for PBXNativeTarget "Gamify" */ = {
			isa = XCConfigurationList;
			buildConfigurations = (
				3BDBF5CB2BF8308C00C2BC03 /* Debug */,
				3BDBF5CC2BF8308C00C2BC03 /* Release */,
			);
			defaultConfigurationIsVisible = 0;
			defaultConfigurationName = Release;
		};
/* End XCConfigurationList section */

/* Begin XCRemoteSwiftPackageReference section */
		3BD575502BFA4AB8008C09D1 /* XCRemoteSwiftPackageReference "Alamofire" */ = {
			isa = XCRemoteSwiftPackageReference;
			repositoryURL = "https://github.com/Alamofire/Alamofire.git";
			requirement = {
				kind = upToNextMajorVersion;
				minimumVersion = 5.9.1;
			};
		};
/* End XCRemoteSwiftPackageReference section */

/* Begin XCSwiftPackageProductDependency section */
		3BD575512BFA4AB8008C09D1 /* Alamofire */ = {
			isa = XCSwiftPackageProductDependency;
			package = 3BD575502BFA4AB8008C09D1 /* XCRemoteSwiftPackageReference "Alamofire" */;
			productName = Alamofire;
		};
/* End XCSwiftPackageProductDependency section */

/* Begin XCVersionGroup section */
		3BDBF5BF2BF8308B00C2BC03 /* Gamify.xcdatamodeld */ = {
			isa = XCVersionGroup;
			children = (
				3BDBF5C02BF8308B00C2BC03 /* Gamify.xcdatamodel */,
			);
			currentVersion = 3BDBF5C02BF8308B00C2BC03 /* Gamify.xcdatamodel */;
			path = Gamify.xcdatamodeld;
			sourceTree = "<group>";
			versionGroupType = wrapper.xcdatamodel;
		};
/* End XCVersionGroup section */
	};
	rootObject = 3BDBF5AB2BF8308B00C2BC03 /* Project object */;
}
